
Microsoft Visual Studio Solution File, Format Version 12.00
# Visual Studio Version 17
VisualStudioVersion = 17.8.34330.188
MinimumVisualStudioVersion = 10.0.40219.1
Project("{FAE04EC0-301F-11D3-BF4B-00C04F79EFBC}") = "CheckerGame", "CheckerGame.csproj", "{511D4BBF-F0A2-444A-BB97-887088A9C358}"
EndProject
Global
	GlobalSection(SolutionConfigurationPlatforms) = preSolution
		Debug|Any CPU = Debug|Any CPU
		Release|Any CPU = Release|Any CPU
	EndGlobalSection
	GlobalSection(ProjectConfigurationPlatforms) = postSolution
		{511D4BBF-F0A2-444A-BB97-887088A9C358}.Debug|Any CPU.ActiveCfg = Debug|Any CPU
		{511D4BBF-F0A2-444A-BB97-887088A9C358}.Debug|Any CPU.Build.0 = Debug|Any CPU
		{511D4BBF-F0A2-444A-BB97-887088A9C358}.Release|Any CPU.ActiveCfg = Release|Any CPU
		{511D4BBF-F0A2-444A-BB97-887088A9C358}.Release|Any CPU.Build.0 = Release|Any CPU
	EndGlobalSection
	GlobalSection(SolutionProperties) = preSolution
		HideSolutionNode = FALSE
	EndGlobalSection
	GlobalSection(ExtensibilityGlobals) = postSolution
		SolutionGuid = {54B2549C-2484-4AD9-AE60-FA0B63D444F6}
	EndGlobalSection
EndGlobal
